
Microsoft Visual Studio Solution File, Format Version 12.00
# Visual Studio Version 17
VisualStudioVersion = 17.5.002.0
MinimumVisualStudioVersion = 10.0.40219.1
Project("{9A19103F-16F7-4668-BE54-9A1E7A4F7556}") = "Task1", "Task1\Task1.csproj", "{218A5A27-0B24-460E-AF97-A27D6EA504B0}"
EndProject
Project("{9A19103F-16F7-4668-BE54-9A1E7A4F7556}") = "Task2", "Task2\Task2.csproj", "{5AF877FE-1D90-48DF-A2A7-BEF50A1E1259}"
EndProject
Project("{9A19103F-16F7-4668-BE54-9A1E7A4F7556}") = "Task3", "Task3\Task3.csproj", "{6698C3AD-0EDB-4E60-B618-1F4032688DDB}"
EndProject
Project("{9A19103F-16F7-4668-BE54-9A1E7A4F7556}") = "Task4", "Task4\Task4.csproj", "{824F437F-FDB7-4CCA-9ECA-28F93D38931C}"
EndProject
Project("{9A19103F-16F7-4668-BE54-9A1E7A4F7556}") = "Task5", "Task5\Task5.csproj", "{ACB25175-EC59-4EDE-8237-ADE14855435C}"
EndProject
Global
	GlobalSection(SolutionConfigurationPlatforms) = preSolution
		Debug|Any CPU = Debug|Any CPU
		Release|Any CPU = Release|Any CPU
	EndGlobalSection
	GlobalSection(ProjectConfigurationPlatforms) = postSolution
		{218A5A27-0B24-460E-AF97-A27D6EA504B0}.Debug|Any CPU.ActiveCfg = Debug|Any CPU
		{218A5A27-0B24-460E-AF97-A27D6EA504B0}.Debug|Any CPU.Build.0 = Debug|Any CPU
		{218A5A27-0B24-460E-AF97-A27D6EA504B0}.Release|Any CPU.ActiveCfg = Release|Any CPU
		{218A5A27-0B24-460E-AF97-A27D6EA504B0}.Release|Any CPU.Build.0 = Release|Any CPU
		{5AF877FE-1D90-48DF-A2A7-BEF50A1E1259}.Debug|Any CPU.ActiveCfg = Debug|Any CPU
		{5AF877FE-1D90-48DF-A2A7-BEF50A1E1259}.Debug|Any CPU.Build.0 = Debug|Any CPU
		{5AF877FE-1D90-48DF-A2A7-BEF50A1E1259}.Release|Any CPU.ActiveCfg = Release|Any CPU
		{5AF877FE-1D90-48DF-A2A7-BEF50A1E1259}.Release|Any CPU.Build.0 = Release|Any CPU
		{6698C3AD-0EDB-4E60-B618-1F4032688DDB}.Debug|Any CPU.ActiveCfg = Debug|Any CPU
		{6698C3AD-0EDB-4E60-B618-1F4032688DDB}.Debug|Any CPU.Build.0 = Debug|Any CPU
		{6698C3AD-0EDB-4E60-B618-1F4032688DDB}.Release|Any CPU.ActiveCfg = Release|Any CPU
		{6698C3AD-0EDB-4E60-B618-1F4032688DDB}.Release|Any CPU.Build.0 = Release|Any CPU
		{824F437F-FDB7-4CCA-9ECA-28F93D38931C}.Debug|Any CPU.ActiveCfg = Debug|Any CPU
		{824F437F-FDB7-4CCA-9ECA-28F93D38931C}.Debug|Any CPU.Build.0 = Debug|Any CPU
		{824F437F-FDB7-4CCA-9ECA-28F93D38931C}.Release|Any CPU.ActiveCfg = Release|Any CPU
		{824F437F-FDB7-4CCA-9ECA-28F93D38931C}.Release|Any CPU.Build.0 = Release|Any CPU
		{ACB25175-EC59-4EDE-8237-ADE14855435C}.Debug|Any CPU.ActiveCfg = Debug|Any CPU
		{ACB25175-EC59-4EDE-8237-ADE14855435C}.Debug|Any CPU.Build.0 = Debug|Any CPU
		{ACB25175-EC59-4EDE-8237-ADE14855435C}.Release|Any CPU.ActiveCfg = Release|Any CPU
		{ACB25175-EC59-4EDE-8237-ADE14855435C}.Release|Any CPU.Build.0 = Release|Any CPU
	EndGlobalSection
	GlobalSection(SolutionProperties) = preSolution
		HideSolutionNode = FALSE
	EndGlobalSection
	GlobalSection(ExtensibilityGlobals) = postSolution
		SolutionGuid = {F4FDF43F-C54B-48C3-B8DA-F6D3C0404A39}
	EndGlobalSection
EndGlobal
